// !$*UTF8*$!
{
	archiveVersion = 1;
	classes = {
	};
	objectVersion = 46;
	objects = {

/* Begin PBXBuildFile section */
		59792DC61B219BEE0085A90E /* main.m in Sources */ = {isa = PBXBuildFile; fileRef = 59792DC51B219BEE0085A90E /* main.m */; };
		59792DC91B219BEE0085A90E /* AppDelegate.m in Sources */ = {isa = PBXBuildFile; fileRef = 59792DC81B219BEE0085A90E /* AppDelegate.m */; };
		59792DCC1B219BEE0085A90E /* CoreDataDemo.xcdatamodeld in Sources */ = {isa = PBXBuildFile; fileRef = 59792DCA1B219BEE0085A90E /* CoreDataDemo.xcdatamodeld */; };
		59792DD21B219BEE0085A90E /* Main.storyboard in Resources */ = {isa = PBXBuildFile; fileRef = 59792DD01B219BEE0085A90E /* Main.storyboard */; };
		59792DD41B219BEE0085A90E /* Images.xcassets in Resources */ = {isa = PBXBuildFile; fileRef = 59792DD31B219BEE0085A90E /* Images.xcassets */; };
		59792DD71B219BEE0085A90E /* LaunchScreen.xib in Resources */ = {isa = PBXBuildFile; fileRef = 59792DD51B219BEE0085A90E /* LaunchScreen.xib */; };
		59792DE31B219BEE0085A90E /* CoreDataDemoTests.m in Sources */ = {isa = PBXBuildFile; fileRef = 59792DE21B219BEE0085A90E /* CoreDataDemoTests.m */; };
		59792DEE1B219D090085A90E /* TableViewController.m in Sources */ = {isa = PBXBuildFile; fileRef = 59792DED1B219D090085A90E /* TableViewController.m */; };
		59792DF11B219D170085A90E /* AddViewController.m in Sources */ = {isa = PBXBuildFile; fileRef = 59792DF01B219D170085A90E /* AddViewController.m */; };
		59792DF41B219D230085A90E /* TableViewCell.m in Sources */ = {isa = PBXBuildFile; fileRef = 59792DF31B219D230085A90E /* TableViewCell.m */; };
/* End PBXBuildFile section */

/* Begin PBXContainerItemProxy section */
		59792DDD1B219BEE0085A90E /* PBXContainerItemProxy */ = {
			isa = PBXContainerItemProxy;
			containerPortal = 59792DB81B219BEE0085A90E /* Project object */;
			proxyType = 1;
			remoteGlobalIDString = 59792DBF1B219BEE0085A90E;
			remoteInfo = CoreDataDemo;
		};
/* End PBXContainerItemProxy section */

/* Begin PBXFileReference section */
		59792DC01B219BEE0085A90E /* CoreDataDemo.app */ = {isa = PBXFileReference; explicitFileType = wrapper.application; includeInIndex = 0; path = CoreDataDemo.app; sourceTree = BUILT_PRODUCTS_DIR; };
		59792DC41B219BEE0085A90E /* Info.plist */ = {isa = PBXFileReference; lastKnownFileType = text.plist.xml; path = Info.plist; sourceTree = "<group>"; };
		59792DC51B219BEE0085A90E /* main.m */ = {isa = PBXFileReference; lastKnownFileType = sourcecode.c.objc; path = main.m; sourceTree = "<group>"; };
		59792DC71B219BEE0085A90E /* AppDelegate.h */ = {isa = PBXFileReference; lastKnownFileType = sourcecode.c.h; path = AppDelegate.h; sourceTree = "<group>"; };
		59792DC81B219BEE0085A90E /* AppDelegate.m */ = {isa = PBXFileReference; lastKnownFileType = sourcecode.c.objc; path = AppDelegate.m; sourceTree = "<group>"; };
		59792DCB1B219BEE0085A90E /* CoreDataDemo.xcdatamodel */ = {isa = PBXFileReference; lastKnownFileType = wrapper.xcdatamodel; path = CoreDataDemo.xcdatamodel; sourceTree = "<group>"; };
		59792DD11B219BEE0085A90E /* Base */ = {isa = PBXFileReference; lastKnownFileType = file.storyboard; name = Base; path = Base.lproj/Main.storyboard; sourceTree = "<group>"; };
		59792DD31B219BEE0085A90E /* Images.xcassets */ = {isa = PBXFileReference; lastKnownFileType = folder.assetcatalog; path = Images.xcassets; sourceTree = "<group>"; };
		59792DD61B219BEE0085A90E /* Base */ = {isa = PBXFileReference; lastKnownFileType = file.xib; name = Base; path = Base.lproj/LaunchScreen.xib; sourceTree = "<group>"; };
		59792DDC1B219BEE0085A90E /* CoreDataDemoTests.xctest */ = {isa = PBXFileReference; explicitFileType = wrapper.cfbundle; includeInIndex = 0; path = CoreDataDemoTests.xctest; sourceTree = BUILT_PRODUCTS_DIR; };
		59792DE11B219BEE0085A90E /* Info.plist */ = {isa = PBXFileReference; lastKnownFileType = text.plist.xml; path = Info.plist; sourceTree = "<group>"; };
		59792DE21B219BEE0085A90E /* CoreDataDemoTests.m */ = {isa = PBXFileReference; lastKnownFileType = sourcecode.c.objc; path = CoreDataDemoTests.m; sourceTree = "<group>"; };
		59792DEC1B219D090085A90E /* TableViewController.h */ = {isa = PBXFileReference; fileEncoding = 4; lastKnownFileType = sourcecode.c.h; path = TableViewController.h; sourceTree = "<group>"; };
		59792DED1B219D090085A90E /* TableViewController.m */ = {isa = PBXFileReference; fileEncoding = 4; lastKnownFileType = sourcecode.c.objc; path = TableViewController.m; sourceTree = "<group>"; };
		59792DEF1B219D170085A90E /* AddViewController.h */ = {isa = PBXFileReference; fileEncoding = 4; lastKnownFileType = sourcecode.c.h; path = AddViewController.h; sourceTree = "<group>"; };
		59792DF01B219D170085A90E /* AddViewController.m */ = {isa = PBXFileReference; fileEncoding = 4; lastKnownFileType = sourcecode.c.objc; path = AddViewController.m; sourceTree = "<group>"; };
		59792DF21B219D230085A90E /* TableViewCell.h */ = {isa = PBXFileReference; fileEncoding = 4; lastKnownFileType = sourcecode.c.h; path = TableViewCell.h; sourceTree = "<group>"; };
		59792DF31B219D230085A90E /* TableViewCell.m */ = {isa = PBXFileReference; fileEncoding = 4; lastKnownFileType = sourcecode.c.objc; path = TableViewCell.m; sourceTree = "<group>"; };
/* End PBXFileReference section */

/* Begin PBXFrameworksBuildPhase section */
		59792DBD1B219BEE0085A90E /* Frameworks */ = {
			isa = PBXFrameworksBuildPhase;
			buildActionMask = 2147483647;
			files = (
			);
			runOnlyForDeploymentPostprocessing = 0;
		};
		59792DD91B219BEE0085A90E /* Frameworks */ = {
			isa = PBXFrameworksBuildPhase;
			buildActionMask = 2147483647;
			files = (
			);
			runOnlyForDeploymentPostprocessing = 0;
		};
/* End PBXFrameworksBuildPhase section */

/* Begin PBXGroup section */
		59792DB71B219BED0085A90E = {
			isa = PBXGroup;
			children = (
				59792DC21B219BEE0085A90E /* CoreDataDemo */,
				59792DDF1B219BEE0085A90E /* CoreDataDemoTests */,
				59792DC11B219BEE0085A90E /* Products */,
			);
			sourceTree = "<group>";
		};
		59792DC11B219BEE0085A90E /* Products */ = {
			isa = PBXGroup;
			children = (
				59792DC01B219BEE0085A90E /* CoreDataDemo.app */,
				59792DDC1B219BEE0085A90E /* CoreDataDemoTests.xctest */,
			);
			name = Products;
			sourceTree = "<group>";
		};
		59792DC21B219BEE0085A90E /* CoreDataDemo */ = {
			isa = PBXGroup;
			children = (
				59792DC71B219BEE0085A90E /* AppDelegate.h */,
				59792DC81B219BEE0085A90E /* AppDelegate.m */,
				59792DEC1B219D090085A90E /* TableViewController.h */,
				59792DED1B219D090085A90E /* TableViewController.m */,
				59792DF21B219D230085A90E /* TableViewCell.h */,
				59792DF31B219D230085A90E /* TableViewCell.m */,
				59792DEF1B219D170085A90E /* AddViewController.h */,
				59792DF01B219D170085A90E /* AddViewController.m */,
				59792DD01B219BEE0085A90E /* Main.storyboard */,
				59792DD31B219BEE0085A90E /* Images.xcassets */,
				59792DD51B219BEE0085A90E /* LaunchScreen.xib */,
				59792DCA1B219BEE0085A90E /* CoreDataDemo.xcdatamodeld */,
				59792DC31B219BEE0085A90E /* Supporting Files */,
			);
			path = CoreDataDemo;
			sourceTree = "<group>";
		};
		59792DC31B219BEE0085A90E /* Supporting Files */ = {
			isa = PBXGroup;
			children = (
				59792DC41B219BEE0085A90E /* Info.plist */,
				59792DC51B219BEE0085A90E /* main.m */,
			);
			name = "Supporting Files";
			sourceTree = "<group>";
		};
		59792DDF1B219BEE0085A90E /* CoreDataDemoTests */ = {
			isa = PBXGroup;
			children = (
				59792DE21B219BEE0085A90E /* CoreDataDemoTests.m */,
				59792DE01B219BEE0085A90E /* Supporting Files */,
			);
			path = CoreDataDemoTests;
			sourceTree = "<group>";
		};
		59792DE01B219BEE0085A90E /* Supporting Files */ = {
			isa = PBXGroup;
			children = (
				59792DE11B219BEE0085A90E /* Info.plist */,
			);
			name = "Supporting Files";
			sourceTree = "<group>";
		};
/* End PBXGroup section */

/* Begin PBXNativeTarget section */
		59792DBF1B219BEE0085A90E /* CoreDataDemo */ = {
			isa = PBXNativeTarget;
			buildConfigurationList = 59792DE61B219BEE0085A90E /* Build configuration list for PBXNativeTarget "CoreDataDemo" */;
			buildPhases = (
				59792DBC1B219BEE0085A90E /* Sources */,
				59792DBD1B219BEE0085A90E /* Frameworks */,
				59792DBE1B219BEE0085A90E /* Resources */,
			);
			buildRules = (
			);
			dependencies = (
			);
			name = CoreDataDemo;
			productName = CoreDataDemo;
			productReference = 59792DC01B219BEE0085A90E /* CoreDataDemo.app */;
			productType = "com.apple.product-type.application";
		};
		59792DDB1B219BEE0085A90E /* CoreDataDemoTests */ = {
			isa = PBXNativeTarget;
			buildConfigurationList = 59792DE91B219BEE0085A90E /* Build configuration list for PBXNativeTarget "CoreDataDemoTests" */;
			buildPhases = (
				59792DD81B219BEE0085A90E /* Sources */,
				59792DD91B219BEE0085A90E /* Frameworks */,
				59792DDA1B219BEE0085A90E /* Resources */,
			);
			buildRules = (
			);
			dependencies = (
				59792DDE1B219BEE0085A90E /* PBXTargetDependency */,
			);
			name = CoreDataDemoTests;
			productName = CoreDataDemoTests;
			productReference = 59792DDC1B219BEE0085A90E /* CoreDataDemoTests.xctest */;
			productType = "com.apple.product-type.bundle.unit-test";
		};
/* End PBXNativeTarget section */

/* Begin PBXProject section */
		59792DB81B219BEE0085A90E /* Project object */ = {
			isa = PBXProject;
			attributes = {
				LastUpgradeCheck = 0610;
				ORGANIZATIONNAME = avikantz;
				TargetAttributes = {
					59792DBF1B219BEE0085A90E = {
						CreatedOnToolsVersion = 6.1.1;
					};
					59792DDB1B219BEE0085A90E = {
						CreatedOnToolsVersion = 6.1.1;
						TestTargetID = 59792DBF1B219BEE0085A90E;
					};
				};
			};
			buildConfigurationList = 59792DBB1B219BEE0085A90E /* Build configuration list for PBXProject "CoreDataDemo" */;
			compatibilityVersion = "Xcode 3.2";
			developmentRegion = English;
			hasScannedForEncodings = 0;
			knownRegions = (
				en,
				Base,
			);
			mainGroup = 59792DB71B219BED0085A90E;
			productRefGroup = 59792DC11B219BEE0085A90E /* Products */;
			projectDirPath = "";
			projectRoot = "";
			targets = (
				59792DBF1B219BEE0085A90E /* CoreDataDemo */,
				59792DDB1B219BEE0085A90E /* CoreDataDemoTests */,
			);
		};
/* End PBXProject section */

/* Begin PBXResourcesBuildPhase section */
		59792DBE1B219BEE0085A90E /* Resources */ = {
			isa = PBXResourcesBuildPhase;
			buildActionMask = 2147483647;
			files = (
				59792DD21B219BEE0085A90E /* Main.storyboard in Resources */,
				59792DD71B219BEE0085A90E /* LaunchScreen.xib in Resources */,
				59792DD41B219BEE0085A90E /* Images.xcassets in Resources */,
			);
			runOnlyForDeploymentPostprocessing = 0;
		};
		59792DDA1B219BEE0085A90E /* Resources */ = {
			isa = PBXResourcesBuildPhase;
			buildActionMask = 2147483647;
			files = (
			);
			runOnlyForDeploymentPostprocessing = 0;
		};
/* End PBXResourcesBuildPhase section */

/* Begin PBXSourcesBuildPhase section */
		59792DBC1B219BEE0085A90E /* Sources */ = {
			isa = PBXSourcesBuildPhase;
			buildActionMask = 2147483647;
			files = (
				59792DF11B219D170085A90E /* AddViewController.m in Sources */,
				59792DF41B219D230085A90E /* TableViewCell.m in Sources */,
				59792DC91B219BEE0085A90E /* AppDelegate.m in Sources */,
				59792DCC1B219BEE0085A90E /* CoreDataDemo.xcdatamodeld in Sources */,
				59792DC61B219BEE0085A90E /* main.m in Sources */,
				59792DEE1B219D090085A90E /* TableViewController.m in Sources */,
			);
			runOnlyForDeploymentPostprocessing = 0;
		};
		59792DD81B219BEE0085A90E /* Sources */ = {
			isa = PBXSourcesBuildPhase;
			buildActionMask = 2147483647;
			files = (
				59792DE31B219BEE0085A90E /* CoreDataDemoTests.m in Sources */,
			);
			runOnlyForDeploymentPostprocessing = 0;
		};
/* End PBXSourcesBuildPhase section */

/* Begin PBXTargetDependency section */
		59792DDE1B219BEE0085A90E /* PBXTargetDependency */ = {
			isa = PBXTargetDependency;
			target = 59792DBF1B219BEE0085A90E /* CoreDataDemo */;
			targetProxy = 59792DDD1B219BEE0085A90E /* PBXContainerItemProxy */;
		};
/* End PBXTargetDependency section */

/* Begin PBXVariantGroup section */
		59792DD01B219BEE0085A90E /* Main.storyboard */ = {
			isa = PBXVariantGroup;
			children = (
				59792DD11B219BEE0085A90E /* Base */,
			);
			name = Main.storyboard;
			sourceTree = "<group>";
		};
		59792DD51B219BEE0085A90E /* LaunchScreen.xib */ = {
			isa = PBXVariantGroup;
			children = (
				59792DD61B219BEE0085A90E /* Base */,
			);
			name = LaunchScreen.xib;
			sourceTree = "<group>";
		};
/* End PBXVariantGroup section */

/* Begin XCBuildConfiguration section */
		59792DE41B219BEE0085A90E /* Debug */ = {
			isa = XCBuildConfiguration;
			buildSettings = {
				ALWAYS_SEARCH_USER_PATHS = NO;
				CLANG_CXX_LANGUAGE_STANDARD = "gnu++0x";
				CLANG_CXX_LIBRARY = "libc++";
				CLANG_ENABLE_MODULES = YES;
				CLANG_ENABLE_OBJC_ARC = YES;
				CLANG_WARN_BOOL_CONVERSION = YES;
				CLANG_WARN_CONSTANT_CONVERSION = YES;
				CLANG_WARN_DIRECT_OBJC_ISA_USAGE = YES_ERROR;
				CLANG_WARN_EMPTY_BODY = YES;
				CLANG_WARN_ENUM_CONVERSION = YES;
				CLANG_WARN_INT_CONVERSION = YES;
				CLANG_WARN_OBJC_ROOT_CLASS = YES_ERROR;
				CLANG_WARN_UNREACHABLE_CODE = YES;
				CLANG_WARN__DUPLICATE_METHOD_MATCH = YES;
				"CODE_SIGN_IDENTITY[sdk=iphoneos*]" = "iPhone Developer";
				COPY_PHASE_STRIP = NO;
				ENABLE_STRICT_OBJC_MSGSEND = YES;
				GCC_C_LANGUAGE_STANDARD = gnu99;
				GCC_DYNAMIC_NO_PIC = NO;
				GCC_OPTIMIZATION_LEVEL = 0;
				GCC_PREPROCESSOR_DEFINITIONS = (
					"DEBUG=1",
					"$(inherited)",
				);
				GCC_SYMBOLS_PRIVATE_EXTERN = NO;
				GCC_WARN_64_TO_32_BIT_CONVERSION = YES;
				GCC_WARN_ABOUT_RETURN_TYPE = YES_ERROR;
				GCC_WARN_UNDECLARED_SELECTOR = YES;
				GCC_WARN_UNINITIALIZED_AUTOS = YES_AGGRESSIVE;
				GCC_WARN_UNUSED_FUNCTION = YES;
				GCC_WARN_UNUSED_VARIABLE = YES;
				IPHONEOS_DEPLOYMENT_TARGET = 8.1;
				MTL_ENABLE_DEBUG_INFO = YES;
				ONLY_ACTIVE_ARCH = YES;
				SDKROOT = iphoneos;
				TARGETED_DEVICE_FAMILY = "1,2";
			};
			name = Debug;
		};
		59792DE51B219BEE0085A90E /* Release */ = {
			isa = XCBuildConfiguration;
			buildSettings = {
				ALWAYS_SEARCH_USER_PATHS = NO;
				CLANG_CXX_LANGUAGE_STANDARD = "gnu++0x";
				CLANG_CXX_LIBRARY = "libc++";
				CLANG_ENABLE_MODULES = YES;
				CLANG_ENABLE_OBJC_ARC = YES;
				CLANG_WARN_BOOL_CONVERSION = YES;
				CLANG_WARN_CONSTANT_CONVERSION = YES;
				CLANG_WARN_DIRECT_OBJC_ISA_USAGE = YES_ERROR;
				CLANG_WARN_EMPTY_BODY = YES;
				CLANG_WARN_ENUM_CONVERSION = YES;
				CLANG_WARN_INT_CONVERSION = YES;
				CLANG_WARN_OBJC_ROOT_CLASS = YES_ERROR;
				CLANG_WARN_UNREACHABLE_CODE = YES;
				CLANG_WARN__DUPLICATE_METHOD_MATCH = YES;
				"CODE_SIGN_IDENTITY[sdk=iphoneos*]" = "iPhone Developer";
				COPY_PHASE_STRIP = YES;
				ENABLE_NS_ASSERTIONS = NO;
				ENABLE_STRICT_OBJC_MSGSEND = YES;
				GCC_C_LANGUAGE_STANDARD = gnu99;
				GCC_WARN_64_TO_32_BIT_CONVERSION = YES;
				GCC_WARN_ABOUT_RETURN_TYPE = YES_ERROR;
				GCC_WARN_UNDECLARED_SELECTOR = YES;
				GCC_WARN_UNINITIALIZED_AUTOS = YES_AGGRESSIVE;
				GCC_WARN_UNUSED_FUNCTION = YES;
				GCC_WARN_UNUSED_VARIABLE = YES;
				IPHONEOS_DEPLOYMENT_TARGET = 8.1;
				MTL_ENABLE_DEBUG_INFO = NO;
				SDKROOT = iphoneos;
				TARGETED_DEVICE_FAMILY = "1,2";
				VALIDATE_PRODUCT = YES;
			};
			name = Release;
		};
		59792DE71B219BEE0085A90E /* Debug */ = {
			isa = XCBuildConfiguration;
			buildSettings = {
				ASSETCATALOG_COMPILER_APPICON_NAME = AppIcon;
				INFOPLIST_FILE = CoreDataDemo/Info.plist;
				LD_RUNPATH_SEARCH_PATHS = "$(inherited) @executable_path/Frameworks";
				PRODUCT_NAME = "$(TARGET_NAME)";
			};
			name = Debug;
		};
		59792DE81B219BEE0085A90E /* Release */ = {
			isa = XCBuildConfiguration;
			buildSettings = {
				ASSETCATALOG_COMPILER_APPICON_NAME = AppIcon;
				INFOPLIST_FILE = CoreDataDemo/Info.plist;
				LD_RUNPATH_SEARCH_PATHS = "$(inherited) @executable_path/Frameworks";
				PRODUCT_NAME = "$(TARGET_NAME)";
			};
			name = Release;
		};
		59792DEA1B219BEE0085A90E /* Debug */ = {
			isa = XCBuildConfiguration;
			buildSettings = {
				BUNDLE_LOADER = "$(TEST_HOST)";
				FRAMEWORK_SEARCH_PATHS = (
					"$(SDKROOT)/Developer/Library/Frameworks",
					"$(inherited)",
				);
				GCC_PREPROCESSOR_DEFINITIONS = (
					"DEBUG=1",
					"$(inherited)",
				);
				INFOPLIST_FILE = CoreDataDemoTests/Info.plist;
				LD_RUNPATH_SEARCH_PATHS = "$(inherited) @executable_path/Frameworks @loader_path/Frameworks";
				PRODUCT_NAME = "$(TARGET_NAME)";
				TEST_HOST = "$(BUILT_PRODUCTS_DIR)/CoreDataDemo.app/CoreDataDemo";
			};
			name = Debug;
		};
		59792DEB1B219BEE0085A90E /* Release */ = {
			isa = XCBuildConfiguration;
			buildSettings = {
				BUNDLE_LOADER = "$(TEST_HOST)";
				FRAMEWORK_SEARCH_PATHS = (
					"$(SDKROOT)/Developer/Library/Frameworks",
					"$(inherited)",
				);
				INFOPLIST_FILE = CoreDataDemoTests/Info.plist;
				LD_RUNPATH_SEARCH_PATHS = "$(inherited) @executable_path/Frameworks @loader_path/Frameworks";
				PRODUCT_NAME = "$(TARGET_NAME)";
				TEST_HOST = "$(BUILT_PRODUCTS_DIR)/CoreDataDemo.app/CoreDataDemo";
			};
			name = Release;
		};
/* End XCBuildConfiguration section */

/* Begin XCConfigurationList section */
		59792DBB1B219BEE0085A90E /* Build configuration list for PBXProject "CoreDataDemo" */ = {
			isa = XCConfigurationList;
			buildConfigurations = (
				59792DE41B219BEE0085A90E /* Debug */,
				59792DE51B219BEE0085A90E /* Release */,
			);
			defaultConfigurationIsVisible = 0;
			defaultConfigurationName = Release;
		};
		59792DE61B219BEE0085A90E /* Build configuration list for PBXNativeTarget "CoreDataDemo" */ = {
			isa = XCConfigurationList;
			buildConfigurations = (
				59792DE71B219BEE0085A90E /* Debug */,
				59792DE81B219BEE0085A90E /* Release */,
			);
			defaultConfigurationIsVisible = 0;
		};
		59792DE91B219BEE0085A90E /* Build configuration list for PBXNativeTarget "CoreDataDemoTests" */ = {
			isa = XCConfigurationList;
			buildConfigurations = (
				59792DEA1B219BEE0085A90E /* Debug */,
				59792DEB1B219BEE0085A90E /* Release */,
			);
			defaultConfigurationIsVisible = 0;
		};
/* End XCConfigurationList section */

/* Begin XCVersionGroup section */
		59792DCA1B219BEE0085A90E /* CoreDataDemo.xcdatamodeld */ = {
			isa = XCVersionGroup;
			children = (
				59792DCB1B219BEE0085A90E /* CoreDataDemo.xcdatamodel */,
			);
			currentVersion = 59792DCB1B219BEE0085A90E /* CoreDataDemo.xcdatamodel */;
			path = CoreDataDemo.xcdatamodeld;
			sourceTree = "<group>";
			versionGroupType = wrapper.xcdatamodel;
		};
/* End XCVersionGroup section */
	};
	rootObject = 59792DB81B219BEE0085A90E /* Project object */;
}
